
Microsoft Visual Studio Solution File, Format Version 12.00
# Visual Studio 14
VisualStudioVersion = 14.0.24720.0
MinimumVisualStudioVersion = 10.0.40219.1
Project("{2150E333-8FDC-42A3-9474-1A3956D46DE8}") = "4_Infrastructure", "4_Infrastructure", "{63C2FF89-1BD4-4066-8E72-F803C1931F6C}"
EndProject
Project("{2150E333-8FDC-42A3-9474-1A3956D46DE8}") = "5_Test", "5_Test", "{06EFF37A-0ADC-4793-AD48-5F1C3946BA9A}"
EndProject
Project("{FAE04EC0-301F-11D3-BF4B-00C04F79EFBC}") = "Pitman.Metadata", "4_Infrastructure\Pitman.Metadata\Pitman.Metadata.csproj", "{39A8BE22-B472-4684-84CF-6CBB10B2CE00}"
EndProject
Project("{FAE04EC0-301F-11D3-BF4B-00C04F79EFBC}") = "Pitman.Infrastructure.Repository", "4_Infrastructure\Pitman.Infrastructure.Repository\Pitman.Infrastructure.Repository.csproj", "{F44E3592-C638-4493-90D9-1EC805112898}"
EndProject
Project("{FAE04EC0-301F-11D3-BF4B-00C04F79EFBC}") = "Pitman.Infrastructure.EntityFramework.Configuration", "4_Infrastructure\Pitman.Infrastructure.EntityFramework.Configuration\Pitman.Infrastructure.EntityFramework.Configuration.csproj", "{00E1E89E-57C2-458F-AA30-E9549B5B86E2}"
EndProject
Project("{2150E333-8FDC-42A3-9474-1A3956D46DE8}") = "2_Application", "2_Application", "{03B33133-5623-413D-B99D-B912763F7878}"
EndProject
Project("{FAE04EC0-301F-11D3-BF4B-00C04F79EFBC}") = "Pitman.Application.Import", "2_Application\Pitman.Application.Import\Pitman.Application.Import.csproj", "{B3385D7A-FDCD-48CA-A5CE-2743B1D74FB7}"
EndProject
Project("{FAE04EC0-301F-11D3-BF4B-00C04F79EFBC}") = "Pitman.Infrastructure.IRepository", "4_Infrastructure\Pitman.Infrastructure.IRepository\Pitman.Infrastructure.IRepository.csproj", "{46F93D4B-3D80-47CD-95C7-B36E96B83E3F}"
EndProject
Project("{2150E333-8FDC-42A3-9474-1A3956D46DE8}") = "0_Presentation", "0_Presentation", "{A7008C68-B65C-4CB1-81CF-D0BC591A61DD}"
EndProject
Project("{FAE04EC0-301F-11D3-BF4B-00C04F79EFBC}") = "Pitman.Application.MarketData", "2_Application\Pitman.Application.MarketData\Pitman.Application.MarketData.csproj", "{279485C8-2084-4C2C-A8A4-7F90A21CBCB9}"
EndProject
Project("{2150E333-8FDC-42A3-9474-1A3956D46DE8}") = "Obsolete", "Obsolete", "{5C442F76-1D76-494A-8542-3D8359D06B91}"
EndProject
Project("{2150E333-8FDC-42A3-9474-1A3956D46DE8}") = "Obsolete", "Obsolete", "{FC2A27BB-1E1E-4B1E-9ED2-74C26544FA44}"
EndProject
Project("{FAE04EC0-301F-11D3-BF4B-00C04F79EFBC}") = "Test.Infrastructure.FileDatabase", "5_Test\Test.Infrastructure.FileDatabase\Test.Infrastructure.FileDatabase.csproj", "{40703417-9D3F-4DC6-88CC-AB3B4E9B6503}"
EndProject
Project("{FAE04EC0-301F-11D3-BF4B-00C04F79EFBC}") = "Pitman.WinService", "0_Presentation\Pitman.WinService\Pitman.WinService.csproj", "{BA1971C6-337F-4280-B334-CE1AECD0AEFB}"
EndProject
Project("{FAE04EC0-301F-11D3-BF4B-00C04F79EFBC}") = "Pitman.ConsoleApp", "0_Presentation\Pitman.ConsoleApp\Pitman.ConsoleApp.csproj", "{01D4BF12-C5A9-4D8E-9CC0-1DD52926BCEA}"
EndProject
Project("{FAE04EC0-301F-11D3-BF4B-00C04F79EFBC}") = "Pitman.Application.DataCollection", "2_Application\Pitman.Application.DataCollection\Pitman.Application.DataCollection.csproj", "{E6BF2980-C230-41BC-9001-5480AECE5280}"
EndProject
Project("{2150E333-8FDC-42A3-9474-1A3956D46DE8}") = "1_Client", "1_Client", "{655FE28A-02FD-4271-9B2A-1CD9249614FD}"
EndProject
Project("{FAE04EC0-301F-11D3-BF4B-00C04F79EFBC}") = "Test.Presentation.RESTfulClient", "5_Test\Test.Presentation.RESTfulClient\Test.Presentation.RESTfulClient.csproj", "{724AE691-AAD1-4A7C-880A-2A3672457B84}"
EndProject
Project("{2150E333-8FDC-42A3-9474-1A3956D46DE8}") = "0_Server", "0_Server", "{10A56582-8425-4E86-9F11-935FBE102022}"
EndProject
Project("{FAE04EC0-301F-11D3-BF4B-00C04F79EFBC}") = "Test.Application.MarketData", "5_Test\Test.Application.MarketData\Test.Application.MarketData.csproj", "{D3849FD0-5F79-4BB4-87EE-01AA0019D08F}"
EndProject
Project("{FAE04EC0-301F-11D3-BF4B-00C04F79EFBC}") = "Test.Application.DataCollection", "5_Test\Test.Application.DataCollection\Test.Application.DataCollection.csproj", "{DBB6D99E-93FE-43A2-8CAE-DF2CEDAAFC7E}"
EndProject
Project("{FAE04EC0-301F-11D3-BF4B-00C04F79EFBC}") = "Pitman.Infrastructure.EF.Repository", "4_Infrastructure\Pitman.Infrastructure.EF.Repository\Pitman.Infrastructure.EF.Repository.csproj", "{E9BBE4BD-63E5-4848-A0C8-29F99F7FF64F}"
EndProject
Project("{FAE04EC0-301F-11D3-BF4B-00C04F79EFBC}") = "Test.Infrastructure.EF.Repository", "5_Test\Test.Infrastructure.EF.Repository\Test.Infrastructure.EF.Repository.csproj", "{74481CAE-C17D-4AD3-978C-FA9A13837080}"
EndProject
Project("{2150E333-8FDC-42A3-9474-1A3956D46DE8}") = "1_Distributed", "1_Distributed", "{75E933F6-416A-4782-A9D8-ECD59B07B56E}"
EndProject
Project("{FAE04EC0-301F-11D3-BF4B-00C04F79EFBC}") = "Pitman.Distributed.WebApi", "1_Distributed\Pitman.Distributed.WebApi\Pitman.Distributed.WebApi.csproj", "{7680DF62-4C79-4858-804F-04DB1F06CBC9}"
EndProject
Project("{2150E333-8FDC-42A3-9474-1A3956D46DE8}") = "3_Domain", "3_Domain", "{85AA8B02-2443-4FC5-9ADE-DEDD368959CC}"
EndProject
Project("{FAE04EC0-301F-11D3-BF4B-00C04F79EFBC}") = "Pitman.RESTful.Client", "0_Presentation\Pitman.RESTful.Client\Pitman.RESTful.Client.csproj", "{174152CF-6749-493A-899C-5053E62902E6}"
EndProject
Project("{FAE04EC0-301F-11D3-BF4B-00C04F79EFBC}") = "Pitman.Domain.FileStructure", "3_Domain\Pitman.Domain.FileStructure\Pitman.Domain.FileStructure.csproj", "{6A13ACF4-99A1-4D6A-B95A-538F9A9BB8BC}"
EndProject
Project("{FAE04EC0-301F-11D3-BF4B-00C04F79EFBC}") = "Pitman.Infrastructure.FileDatabase", "4_Infrastructure\Pitman.Infrastructure.FileDatabase\Pitman.Infrastructure.FileDatabase.csproj", "{6456216B-27EB-40A3-B6B9-C58A9CAB0E71}"
EndProject
Project("{FAE04EC0-301F-11D3-BF4B-00C04F79EFBC}") = "Pitman.Infrastructure.SqlCe.Repository", "4_Infrastructure\Pitman.Infrastructure.SqlCe.Repository\Pitman.Infrastructure.SqlCe.Repository.csproj", "{82D05BB9-E5AD-44FD-A86F-E1CB77A083B1}"
EndProject
Project("{FAE04EC0-301F-11D3-BF4B-00C04F79EFBC}") = "Pitman.Infrastructure.DatabaseObject", "4_Infrastructure\Pitman.Infrastructure.DatabaseObject\Pitman.Infrastructure.DatabaseObject.csproj", "{932D6247-D7B9-4635-AEBD-E10992B5F89D}"
EndProject
Project("{FAE04EC0-301F-11D3-BF4B-00C04F79EFBC}") = "Pitman.Distributed.DataTransferObject", "1_Distributed\Pitman.Distributed.DataTransferObject\Pitman.Distributed.DataTransferObject.csproj", "{29191F8B-AEE9-41BC-87B2-C9F92090B787}"
EndProject
Project("{FAE04EC0-301F-11D3-BF4B-00C04F79EFBC}") = "Test.SQLCE", "5_Test\Test.SQLCE\Test.SQLCE.csproj", "{ED29A319-E464-4EC5-BC9D-25EF0DC024A9}"
EndProject
Global
	GlobalSection(SolutionConfigurationPlatforms) = preSolution
		Debug|Any CPU = Debug|Any CPU
		Release|Any CPU = Release|Any CPU
	EndGlobalSection
	GlobalSection(ProjectConfigurationPlatforms) = postSolution
		{39A8BE22-B472-4684-84CF-6CBB10B2CE00}.Debug|Any CPU.ActiveCfg = Debug|Any CPU
		{39A8BE22-B472-4684-84CF-6CBB10B2CE00}.Debug|Any CPU.Build.0 = Debug|Any CPU
		{39A8BE22-B472-4684-84CF-6CBB10B2CE00}.Release|Any CPU.ActiveCfg = Release|Any CPU
		{39A8BE22-B472-4684-84CF-6CBB10B2CE00}.Release|Any CPU.Build.0 = Release|Any CPU
		{F44E3592-C638-4493-90D9-1EC805112898}.Debug|Any CPU.ActiveCfg = Debug|Any CPU
		{F44E3592-C638-4493-90D9-1EC805112898}.Debug|Any CPU.Build.0 = Debug|Any CPU
		{F44E3592-C638-4493-90D9-1EC805112898}.Release|Any CPU.ActiveCfg = Release|Any CPU
		{F44E3592-C638-4493-90D9-1EC805112898}.Release|Any CPU.Build.0 = Release|Any CPU
		{00E1E89E-57C2-458F-AA30-E9549B5B86E2}.Debug|Any CPU.ActiveCfg = Debug|Any CPU
		{00E1E89E-57C2-458F-AA30-E9549B5B86E2}.Debug|Any CPU.Build.0 = Debug|Any CPU
		{00E1E89E-57C2-458F-AA30-E9549B5B86E2}.Release|Any CPU.ActiveCfg = Release|Any CPU
		{00E1E89E-57C2-458F-AA30-E9549B5B86E2}.Release|Any CPU.Build.0 = Release|Any CPU
		{B3385D7A-FDCD-48CA-A5CE-2743B1D74FB7}.Debug|Any CPU.ActiveCfg = Debug|Any CPU
		{B3385D7A-FDCD-48CA-A5CE-2743B1D74FB7}.Debug|Any CPU.Build.0 = Debug|Any CPU
		{B3385D7A-FDCD-48CA-A5CE-2743B1D74FB7}.Release|Any CPU.ActiveCfg = Release|Any CPU
		{B3385D7A-FDCD-48CA-A5CE-2743B1D74FB7}.Release|Any CPU.Build.0 = Release|Any CPU
		{46F93D4B-3D80-47CD-95C7-B36E96B83E3F}.Debug|Any CPU.ActiveCfg = Debug|Any CPU
		{46F93D4B-3D80-47CD-95C7-B36E96B83E3F}.Debug|Any CPU.Build.0 = Debug|Any CPU
		{46F93D4B-3D80-47CD-95C7-B36E96B83E3F}.Release|Any CPU.ActiveCfg = Release|Any CPU
		{46F93D4B-3D80-47CD-95C7-B36E96B83E3F}.Release|Any CPU.Build.0 = Release|Any CPU
		{279485C8-2084-4C2C-A8A4-7F90A21CBCB9}.Debug|Any CPU.ActiveCfg = Debug|Any CPU
		{279485C8-2084-4C2C-A8A4-7F90A21CBCB9}.Debug|Any CPU.Build.0 = Debug|Any CPU
		{279485C8-2084-4C2C-A8A4-7F90A21CBCB9}.Release|Any CPU.ActiveCfg = Release|Any CPU
		{279485C8-2084-4C2C-A8A4-7F90A21CBCB9}.Release|Any CPU.Build.0 = Release|Any CPU
		{40703417-9D3F-4DC6-88CC-AB3B4E9B6503}.Debug|Any CPU.ActiveCfg = Debug|Any CPU
		{40703417-9D3F-4DC6-88CC-AB3B4E9B6503}.Debug|Any CPU.Build.0 = Debug|Any CPU
		{40703417-9D3F-4DC6-88CC-AB3B4E9B6503}.Release|Any CPU.ActiveCfg = Release|Any CPU
		{40703417-9D3F-4DC6-88CC-AB3B4E9B6503}.Release|Any CPU.Build.0 = Release|Any CPU
		{BA1971C6-337F-4280-B334-CE1AECD0AEFB}.Debug|Any CPU.ActiveCfg = Debug|Any CPU
		{BA1971C6-337F-4280-B334-CE1AECD0AEFB}.Debug|Any CPU.Build.0 = Debug|Any CPU
		{BA1971C6-337F-4280-B334-CE1AECD0AEFB}.Release|Any CPU.ActiveCfg = Release|Any CPU
		{BA1971C6-337F-4280-B334-CE1AECD0AEFB}.Release|Any CPU.Build.0 = Release|Any CPU
		{01D4BF12-C5A9-4D8E-9CC0-1DD52926BCEA}.Debug|Any CPU.ActiveCfg = Debug|Any CPU
		{01D4BF12-C5A9-4D8E-9CC0-1DD52926BCEA}.Debug|Any CPU.Build.0 = Debug|Any CPU
		{01D4BF12-C5A9-4D8E-9CC0-1DD52926BCEA}.Release|Any CPU.ActiveCfg = Release|Any CPU
		{01D4BF12-C5A9-4D8E-9CC0-1DD52926BCEA}.Release|Any CPU.Build.0 = Release|Any CPU
		{E6BF2980-C230-41BC-9001-5480AECE5280}.Debug|Any CPU.ActiveCfg = Debug|Any CPU
		{E6BF2980-C230-41BC-9001-5480AECE5280}.Debug|Any CPU.Build.0 = Debug|Any CPU
		{E6BF2980-C230-41BC-9001-5480AECE5280}.Release|Any CPU.ActiveCfg = Release|Any CPU
		{E6BF2980-C230-41BC-9001-5480AECE5280}.Release|Any CPU.Build.0 = Release|Any CPU
		{724AE691-AAD1-4A7C-880A-2A3672457B84}.Debug|Any CPU.ActiveCfg = Debug|Any CPU
		{724AE691-AAD1-4A7C-880A-2A3672457B84}.Debug|Any CPU.Build.0 = Debug|Any CPU
		{724AE691-AAD1-4A7C-880A-2A3672457B84}.Release|Any CPU.ActiveCfg = Release|Any CPU
		{724AE691-AAD1-4A7C-880A-2A3672457B84}.Release|Any CPU.Build.0 = Release|Any CPU
		{D3849FD0-5F79-4BB4-87EE-01AA0019D08F}.Debug|Any CPU.ActiveCfg = Debug|Any CPU
		{D3849FD0-5F79-4BB4-87EE-01AA0019D08F}.Debug|Any CPU.Build.0 = Debug|Any CPU
		{D3849FD0-5F79-4BB4-87EE-01AA0019D08F}.Release|Any CPU.ActiveCfg = Release|Any CPU
		{D3849FD0-5F79-4BB4-87EE-01AA0019D08F}.Release|Any CPU.Build.0 = Release|Any CPU
		{DBB6D99E-93FE-43A2-8CAE-DF2CEDAAFC7E}.Debug|Any CPU.ActiveCfg = Debug|Any CPU
		{DBB6D99E-93FE-43A2-8CAE-DF2CEDAAFC7E}.Debug|Any CPU.Build.0 = Debug|Any CPU
		{DBB6D99E-93FE-43A2-8CAE-DF2CEDAAFC7E}.Release|Any CPU.ActiveCfg = Release|Any CPU
		{DBB6D99E-93FE-43A2-8CAE-DF2CEDAAFC7E}.Release|Any CPU.Build.0 = Release|Any CPU
		{E9BBE4BD-63E5-4848-A0C8-29F99F7FF64F}.Debug|Any CPU.ActiveCfg = Debug|Any CPU
		{E9BBE4BD-63E5-4848-A0C8-29F99F7FF64F}.Debug|Any CPU.Build.0 = Debug|Any CPU
		{E9BBE4BD-63E5-4848-A0C8-29F99F7FF64F}.Release|Any CPU.ActiveCfg = Release|Any CPU
		{E9BBE4BD-63E5-4848-A0C8-29F99F7FF64F}.Release|Any CPU.Build.0 = Release|Any CPU
		{74481CAE-C17D-4AD3-978C-FA9A13837080}.Debug|Any CPU.ActiveCfg = Debug|Any CPU
		{74481CAE-C17D-4AD3-978C-FA9A13837080}.Debug|Any CPU.Build.0 = Debug|Any CPU
		{74481CAE-C17D-4AD3-978C-FA9A13837080}.Release|Any CPU.ActiveCfg = Release|Any CPU
		{74481CAE-C17D-4AD3-978C-FA9A13837080}.Release|Any CPU.Build.0 = Release|Any CPU
		{7680DF62-4C79-4858-804F-04DB1F06CBC9}.Debug|Any CPU.ActiveCfg = Debug|Any CPU
		{7680DF62-4C79-4858-804F-04DB1F06CBC9}.Debug|Any CPU.Build.0 = Debug|Any CPU
		{7680DF62-4C79-4858-804F-04DB1F06CBC9}.Release|Any CPU.ActiveCfg = Release|Any CPU
		{7680DF62-4C79-4858-804F-04DB1F06CBC9}.Release|Any CPU.Build.0 = Release|Any CPU
		{174152CF-6749-493A-899C-5053E62902E6}.Debug|Any CPU.ActiveCfg = Debug|Any CPU
		{174152CF-6749-493A-899C-5053E62902E6}.Debug|Any CPU.Build.0 = Debug|Any CPU
		{174152CF-6749-493A-899C-5053E62902E6}.Release|Any CPU.ActiveCfg = Release|Any CPU
		{174152CF-6749-493A-899C-5053E62902E6}.Release|Any CPU.Build.0 = Release|Any CPU
		{6A13ACF4-99A1-4D6A-B95A-538F9A9BB8BC}.Debug|Any CPU.ActiveCfg = Debug|Any CPU
		{6A13ACF4-99A1-4D6A-B95A-538F9A9BB8BC}.Debug|Any CPU.Build.0 = Debug|Any CPU
		{6A13ACF4-99A1-4D6A-B95A-538F9A9BB8BC}.Release|Any CPU.ActiveCfg = Release|Any CPU
		{6A13ACF4-99A1-4D6A-B95A-538F9A9BB8BC}.Release|Any CPU.Build.0 = Release|Any CPU
		{6456216B-27EB-40A3-B6B9-C58A9CAB0E71}.Debug|Any CPU.ActiveCfg = Debug|Any CPU
		{6456216B-27EB-40A3-B6B9-C58A9CAB0E71}.Debug|Any CPU.Build.0 = Debug|Any CPU
		{6456216B-27EB-40A3-B6B9-C58A9CAB0E71}.Release|Any CPU.ActiveCfg = Release|Any CPU
		{6456216B-27EB-40A3-B6B9-C58A9CAB0E71}.Release|Any CPU.Build.0 = Release|Any CPU
		{82D05BB9-E5AD-44FD-A86F-E1CB77A083B1}.Debug|Any CPU.ActiveCfg = Debug|Any CPU
		{82D05BB9-E5AD-44FD-A86F-E1CB77A083B1}.Debug|Any CPU.Build.0 = Debug|Any CPU
		{82D05BB9-E5AD-44FD-A86F-E1CB77A083B1}.Release|Any CPU.ActiveCfg = Release|Any CPU
		{82D05BB9-E5AD-44FD-A86F-E1CB77A083B1}.Release|Any CPU.Build.0 = Release|Any CPU
		{932D6247-D7B9-4635-AEBD-E10992B5F89D}.Debug|Any CPU.ActiveCfg = Debug|Any CPU
		{932D6247-D7B9-4635-AEBD-E10992B5F89D}.Debug|Any CPU.Build.0 = Debug|Any CPU
		{932D6247-D7B9-4635-AEBD-E10992B5F89D}.Release|Any CPU.ActiveCfg = Release|Any CPU
		{932D6247-D7B9-4635-AEBD-E10992B5F89D}.Release|Any CPU.Build.0 = Release|Any CPU
		{29191F8B-AEE9-41BC-87B2-C9F92090B787}.Debug|Any CPU.ActiveCfg = Debug|Any CPU
		{29191F8B-AEE9-41BC-87B2-C9F92090B787}.Debug|Any CPU.Build.0 = Debug|Any CPU
		{29191F8B-AEE9-41BC-87B2-C9F92090B787}.Release|Any CPU.ActiveCfg = Release|Any CPU
		{29191F8B-AEE9-41BC-87B2-C9F92090B787}.Release|Any CPU.Build.0 = Release|Any CPU
		{ED29A319-E464-4EC5-BC9D-25EF0DC024A9}.Debug|Any CPU.ActiveCfg = Debug|Any CPU
		{ED29A319-E464-4EC5-BC9D-25EF0DC024A9}.Debug|Any CPU.Build.0 = Debug|Any CPU
		{ED29A319-E464-4EC5-BC9D-25EF0DC024A9}.Release|Any CPU.ActiveCfg = Release|Any CPU
		{ED29A319-E464-4EC5-BC9D-25EF0DC024A9}.Release|Any CPU.Build.0 = Release|Any CPU
	EndGlobalSection
	GlobalSection(SolutionProperties) = preSolution
		HideSolutionNode = FALSE
	EndGlobalSection
	GlobalSection(NestedProjects) = preSolution
		{39A8BE22-B472-4684-84CF-6CBB10B2CE00} = {FC2A27BB-1E1E-4B1E-9ED2-74C26544FA44}
		{F44E3592-C638-4493-90D9-1EC805112898} = {FC2A27BB-1E1E-4B1E-9ED2-74C26544FA44}
		{00E1E89E-57C2-458F-AA30-E9549B5B86E2} = {FC2A27BB-1E1E-4B1E-9ED2-74C26544FA44}
		{B3385D7A-FDCD-48CA-A5CE-2743B1D74FB7} = {5C442F76-1D76-494A-8542-3D8359D06B91}
		{46F93D4B-3D80-47CD-95C7-B36E96B83E3F} = {FC2A27BB-1E1E-4B1E-9ED2-74C26544FA44}
		{279485C8-2084-4C2C-A8A4-7F90A21CBCB9} = {03B33133-5623-413D-B99D-B912763F7878}
		{5C442F76-1D76-494A-8542-3D8359D06B91} = {03B33133-5623-413D-B99D-B912763F7878}
		{FC2A27BB-1E1E-4B1E-9ED2-74C26544FA44} = {63C2FF89-1BD4-4066-8E72-F803C1931F6C}
		{40703417-9D3F-4DC6-88CC-AB3B4E9B6503} = {06EFF37A-0ADC-4793-AD48-5F1C3946BA9A}
		{BA1971C6-337F-4280-B334-CE1AECD0AEFB} = {10A56582-8425-4E86-9F11-935FBE102022}
		{01D4BF12-C5A9-4D8E-9CC0-1DD52926BCEA} = {10A56582-8425-4E86-9F11-935FBE102022}
		{E6BF2980-C230-41BC-9001-5480AECE5280} = {03B33133-5623-413D-B99D-B912763F7878}
		{655FE28A-02FD-4271-9B2A-1CD9249614FD} = {A7008C68-B65C-4CB1-81CF-D0BC591A61DD}
		{724AE691-AAD1-4A7C-880A-2A3672457B84} = {06EFF37A-0ADC-4793-AD48-5F1C3946BA9A}
		{10A56582-8425-4E86-9F11-935FBE102022} = {A7008C68-B65C-4CB1-81CF-D0BC591A61DD}
		{D3849FD0-5F79-4BB4-87EE-01AA0019D08F} = {06EFF37A-0ADC-4793-AD48-5F1C3946BA9A}
		{DBB6D99E-93FE-43A2-8CAE-DF2CEDAAFC7E} = {06EFF37A-0ADC-4793-AD48-5F1C3946BA9A}
		{E9BBE4BD-63E5-4848-A0C8-29F99F7FF64F} = {63C2FF89-1BD4-4066-8E72-F803C1931F6C}
		{74481CAE-C17D-4AD3-978C-FA9A13837080} = {06EFF37A-0ADC-4793-AD48-5F1C3946BA9A}
		{7680DF62-4C79-4858-804F-04DB1F06CBC9} = {75E933F6-416A-4782-A9D8-ECD59B07B56E}
		{174152CF-6749-493A-899C-5053E62902E6} = {655FE28A-02FD-4271-9B2A-1CD9249614FD}
		{6A13ACF4-99A1-4D6A-B95A-538F9A9BB8BC} = {85AA8B02-2443-4FC5-9ADE-DEDD368959CC}
		{6456216B-27EB-40A3-B6B9-C58A9CAB0E71} = {63C2FF89-1BD4-4066-8E72-F803C1931F6C}
		{82D05BB9-E5AD-44FD-A86F-E1CB77A083B1} = {63C2FF89-1BD4-4066-8E72-F803C1931F6C}
		{932D6247-D7B9-4635-AEBD-E10992B5F89D} = {63C2FF89-1BD4-4066-8E72-F803C1931F6C}
		{29191F8B-AEE9-41BC-87B2-C9F92090B787} = {75E933F6-416A-4782-A9D8-ECD59B07B56E}
		{ED29A319-E464-4EC5-BC9D-25EF0DC024A9} = {06EFF37A-0ADC-4793-AD48-5F1C3946BA9A}
	EndGlobalSection
EndGlobal
