
Microsoft Visual Studio Solution File, Format Version 12.00
# Visual Studio 14
VisualStudioVersion = 14.0.23107.0
MinimumVisualStudioVersion = 10.0.40219.1
Project("{FAE04EC0-301F-11D3-BF4B-00C04F79EFBC}") = "Pitman.Infrastructure.FileDatabase", "4_Infrastructure\Pitman.Infrastructure.FileDatabase\Pitman.Infrastructure.FileDatabase.csproj", "{6456216B-27EB-40A3-B6B9-C58A9CAB0E71}"
EndProject
Project("{FAE04EC0-301F-11D3-BF4B-00C04F79EFBC}") = "Test.Infrastructure.FileDatabase", "5_Test\Test.Infrastructure.FileDatabase\Test.Infrastructure.FileDatabase.csproj", "{40703417-9D3F-4DC6-88CC-AB3B4E9B6503}"
EndProject
Global
	GlobalSection(SolutionConfigurationPlatforms) = preSolution
		Debug|Any CPU = Debug|Any CPU
		Release|Any CPU = Release|Any CPU
	EndGlobalSection
	GlobalSection(ProjectConfigurationPlatforms) = postSolution
		{6456216B-27EB-40A3-B6B9-C58A9CAB0E71}.Debug|Any CPU.ActiveCfg = Debug|Any CPU
		{6456216B-27EB-40A3-B6B9-C58A9CAB0E71}.Debug|Any CPU.Build.0 = Debug|Any CPU
		{6456216B-27EB-40A3-B6B9-C58A9CAB0E71}.Release|Any CPU.ActiveCfg = Release|Any CPU
		{6456216B-27EB-40A3-B6B9-C58A9CAB0E71}.Release|Any CPU.Build.0 = Release|Any CPU
		{40703417-9D3F-4DC6-88CC-AB3B4E9B6503}.Debug|Any CPU.ActiveCfg = Debug|Any CPU
		{40703417-9D3F-4DC6-88CC-AB3B4E9B6503}.Debug|Any CPU.Build.0 = Debug|Any CPU
		{40703417-9D3F-4DC6-88CC-AB3B4E9B6503}.Release|Any CPU.ActiveCfg = Release|Any CPU
		{40703417-9D3F-4DC6-88CC-AB3B4E9B6503}.Release|Any CPU.Build.0 = Release|Any CPU
	EndGlobalSection
	GlobalSection(SolutionProperties) = preSolution
		HideSolutionNode = FALSE
	EndGlobalSection
EndGlobal
