
Microsoft Visual Studio Solution File, Format Version 12.00
# Visual Studio 14
VisualStudioVersion = 14.0.23107.0
MinimumVisualStudioVersion = 10.0.40219.1
Project("{2150E333-8FDC-42A3-9474-1A3956D46DE8}") = "3_Domain", "3_Domain", "{736BABDF-CA17-4965-9FE7-0B432FF6EE61}"
EndProject
Project("{2150E333-8FDC-42A3-9474-1A3956D46DE8}") = "4_Infrastructure", "4_Infrastructure", "{63C2FF89-1BD4-4066-8E72-F803C1931F6C}"
EndProject
Project("{2150E333-8FDC-42A3-9474-1A3956D46DE8}") = "5_Test", "5_Test", "{06EFF37A-0ADC-4793-AD48-5F1C3946BA9A}"
EndProject
Project("{FAE04EC0-301F-11D3-BF4B-00C04F79EFBC}") = "Pitman.Metadata", "4_Infrastructure\Pitman.Metadata\Pitman.Metadata.csproj", "{39A8BE22-B472-4684-84CF-6CBB10B2CE00}"
EndProject
Project("{FAE04EC0-301F-11D3-BF4B-00C04F79EFBC}") = "Pitman.Infrastructure.Repository", "4_Infrastructure\Pitman.Infrastructure.Repository\Pitman.Infrastructure.Repository.csproj", "{F44E3592-C638-4493-90D9-1EC805112898}"
EndProject
Project("{FAE04EC0-301F-11D3-BF4B-00C04F79EFBC}") = "Pitman.Infrastructure.EntityFramework.Configuration", "4_Infrastructure\Pitman.Infrastructure.EntityFramework.Configuration\Pitman.Infrastructure.EntityFramework.Configuration.csproj", "{00E1E89E-57C2-458F-AA30-E9549B5B86E2}"
EndProject
Project("{2150E333-8FDC-42A3-9474-1A3956D46DE8}") = "2_Application", "2_Application", "{03B33133-5623-413D-B99D-B912763F7878}"
EndProject
Project("{FAE04EC0-301F-11D3-BF4B-00C04F79EFBC}") = "Pitman.Application.Import", "2_Application\Pitman.Application.Import\Pitman.Application.Import.csproj", "{B3385D7A-FDCD-48CA-A5CE-2743B1D74FB7}"
EndProject
Project("{FAE04EC0-301F-11D3-BF4B-00C04F79EFBC}") = "Pitman.Infrastructure.IRepository", "4_Infrastructure\Pitman.Infrastructure.IRepository\Pitman.Infrastructure.IRepository.csproj", "{46F93D4B-3D80-47CD-95C7-B36E96B83E3F}"
EndProject
Project("{FAE04EC0-301F-11D3-BF4B-00C04F79EFBC}") = "Pitman.Infrastructure.RealTimeData.Repository", "4_Infrastructure\Pitman.Infrastructure.RealTimeData.Repository\Pitman.Infrastructure.RealTimeData.Repository.csproj", "{52349B4D-3D85-4382-979F-C2F9D7BC9AED}"
EndProject
Project("{FAE04EC0-301F-11D3-BF4B-00C04F79EFBC}") = "Pitman.Domain.MarketData", "3_Domain\Pitman.Domain.MarketData\Pitman.Domain.MarketData.csproj", "{5791453E-1EE3-4B33-A3AA-ED1C3CF0DE69}"
EndProject
Project("{2150E333-8FDC-42A3-9474-1A3956D46DE8}") = "1_Presentation", "1_Presentation", "{A7008C68-B65C-4CB1-81CF-D0BC591A61DD}"
EndProject
Project("{FAE04EC0-301F-11D3-BF4B-00C04F79EFBC}") = "Pitman.Presentation.Winform", "1_Presentation\Pitman.Presentation.Winform\Pitman.Presentation.Winform.csproj", "{C8D6130C-1084-45F9-91A3-97FE09BE4FA0}"
EndProject
Project("{FAE04EC0-301F-11D3-BF4B-00C04F79EFBC}") = "Pitman.Infrastructure.RealTimeData.Sina", "4_Infrastructure\Pitman.Infrastructure.RealTimeData.Sina\Pitman.Infrastructure.RealTimeData.Sina.csproj", "{9BDD56E8-A695-4C06-8853-331719D1D531}"
EndProject
Project("{FAE04EC0-301F-11D3-BF4B-00C04F79EFBC}") = "Pitman.Infrastructure.RealTimeData.Sina.Test", "5_Test\Pitman.Infrastructure.RealTimeData.Sina.Test\Pitman.Infrastructure.RealTimeData.Sina.Test.csproj", "{D4C4CA32-F67A-4754-86E2-D43A56E9B596}"
EndProject
Global
	GlobalSection(SolutionConfigurationPlatforms) = preSolution
		Debug|Any CPU = Debug|Any CPU
		Release|Any CPU = Release|Any CPU
	EndGlobalSection
	GlobalSection(ProjectConfigurationPlatforms) = postSolution
		{39A8BE22-B472-4684-84CF-6CBB10B2CE00}.Debug|Any CPU.ActiveCfg = Debug|Any CPU
		{39A8BE22-B472-4684-84CF-6CBB10B2CE00}.Debug|Any CPU.Build.0 = Debug|Any CPU
		{39A8BE22-B472-4684-84CF-6CBB10B2CE00}.Release|Any CPU.ActiveCfg = Release|Any CPU
		{39A8BE22-B472-4684-84CF-6CBB10B2CE00}.Release|Any CPU.Build.0 = Release|Any CPU
		{F44E3592-C638-4493-90D9-1EC805112898}.Debug|Any CPU.ActiveCfg = Debug|Any CPU
		{F44E3592-C638-4493-90D9-1EC805112898}.Debug|Any CPU.Build.0 = Debug|Any CPU
		{F44E3592-C638-4493-90D9-1EC805112898}.Release|Any CPU.ActiveCfg = Release|Any CPU
		{F44E3592-C638-4493-90D9-1EC805112898}.Release|Any CPU.Build.0 = Release|Any CPU
		{00E1E89E-57C2-458F-AA30-E9549B5B86E2}.Debug|Any CPU.ActiveCfg = Debug|Any CPU
		{00E1E89E-57C2-458F-AA30-E9549B5B86E2}.Debug|Any CPU.Build.0 = Debug|Any CPU
		{00E1E89E-57C2-458F-AA30-E9549B5B86E2}.Release|Any CPU.ActiveCfg = Release|Any CPU
		{00E1E89E-57C2-458F-AA30-E9549B5B86E2}.Release|Any CPU.Build.0 = Release|Any CPU
		{B3385D7A-FDCD-48CA-A5CE-2743B1D74FB7}.Debug|Any CPU.ActiveCfg = Debug|Any CPU
		{B3385D7A-FDCD-48CA-A5CE-2743B1D74FB7}.Debug|Any CPU.Build.0 = Debug|Any CPU
		{B3385D7A-FDCD-48CA-A5CE-2743B1D74FB7}.Release|Any CPU.ActiveCfg = Release|Any CPU
		{B3385D7A-FDCD-48CA-A5CE-2743B1D74FB7}.Release|Any CPU.Build.0 = Release|Any CPU
		{46F93D4B-3D80-47CD-95C7-B36E96B83E3F}.Debug|Any CPU.ActiveCfg = Debug|Any CPU
		{46F93D4B-3D80-47CD-95C7-B36E96B83E3F}.Debug|Any CPU.Build.0 = Debug|Any CPU
		{46F93D4B-3D80-47CD-95C7-B36E96B83E3F}.Release|Any CPU.ActiveCfg = Release|Any CPU
		{46F93D4B-3D80-47CD-95C7-B36E96B83E3F}.Release|Any CPU.Build.0 = Release|Any CPU
		{52349B4D-3D85-4382-979F-C2F9D7BC9AED}.Debug|Any CPU.ActiveCfg = Debug|Any CPU
		{52349B4D-3D85-4382-979F-C2F9D7BC9AED}.Debug|Any CPU.Build.0 = Debug|Any CPU
		{52349B4D-3D85-4382-979F-C2F9D7BC9AED}.Release|Any CPU.ActiveCfg = Release|Any CPU
		{52349B4D-3D85-4382-979F-C2F9D7BC9AED}.Release|Any CPU.Build.0 = Release|Any CPU
		{5791453E-1EE3-4B33-A3AA-ED1C3CF0DE69}.Debug|Any CPU.ActiveCfg = Debug|Any CPU
		{5791453E-1EE3-4B33-A3AA-ED1C3CF0DE69}.Debug|Any CPU.Build.0 = Debug|Any CPU
		{5791453E-1EE3-4B33-A3AA-ED1C3CF0DE69}.Release|Any CPU.ActiveCfg = Release|Any CPU
		{5791453E-1EE3-4B33-A3AA-ED1C3CF0DE69}.Release|Any CPU.Build.0 = Release|Any CPU
		{C8D6130C-1084-45F9-91A3-97FE09BE4FA0}.Debug|Any CPU.ActiveCfg = Debug|Any CPU
		{C8D6130C-1084-45F9-91A3-97FE09BE4FA0}.Debug|Any CPU.Build.0 = Debug|Any CPU
		{C8D6130C-1084-45F9-91A3-97FE09BE4FA0}.Release|Any CPU.ActiveCfg = Release|Any CPU
		{C8D6130C-1084-45F9-91A3-97FE09BE4FA0}.Release|Any CPU.Build.0 = Release|Any CPU
		{9BDD56E8-A695-4C06-8853-331719D1D531}.Debug|Any CPU.ActiveCfg = Debug|Any CPU
		{9BDD56E8-A695-4C06-8853-331719D1D531}.Debug|Any CPU.Build.0 = Debug|Any CPU
		{9BDD56E8-A695-4C06-8853-331719D1D531}.Release|Any CPU.ActiveCfg = Release|Any CPU
		{9BDD56E8-A695-4C06-8853-331719D1D531}.Release|Any CPU.Build.0 = Release|Any CPU
		{D4C4CA32-F67A-4754-86E2-D43A56E9B596}.Debug|Any CPU.ActiveCfg = Debug|Any CPU
		{D4C4CA32-F67A-4754-86E2-D43A56E9B596}.Debug|Any CPU.Build.0 = Debug|Any CPU
		{D4C4CA32-F67A-4754-86E2-D43A56E9B596}.Release|Any CPU.ActiveCfg = Release|Any CPU
		{D4C4CA32-F67A-4754-86E2-D43A56E9B596}.Release|Any CPU.Build.0 = Release|Any CPU
	EndGlobalSection
	GlobalSection(SolutionProperties) = preSolution
		HideSolutionNode = FALSE
	EndGlobalSection
	GlobalSection(NestedProjects) = preSolution
		{39A8BE22-B472-4684-84CF-6CBB10B2CE00} = {63C2FF89-1BD4-4066-8E72-F803C1931F6C}
		{F44E3592-C638-4493-90D9-1EC805112898} = {63C2FF89-1BD4-4066-8E72-F803C1931F6C}
		{00E1E89E-57C2-458F-AA30-E9549B5B86E2} = {63C2FF89-1BD4-4066-8E72-F803C1931F6C}
		{B3385D7A-FDCD-48CA-A5CE-2743B1D74FB7} = {03B33133-5623-413D-B99D-B912763F7878}
		{46F93D4B-3D80-47CD-95C7-B36E96B83E3F} = {63C2FF89-1BD4-4066-8E72-F803C1931F6C}
		{52349B4D-3D85-4382-979F-C2F9D7BC9AED} = {63C2FF89-1BD4-4066-8E72-F803C1931F6C}
		{5791453E-1EE3-4B33-A3AA-ED1C3CF0DE69} = {736BABDF-CA17-4965-9FE7-0B432FF6EE61}
		{C8D6130C-1084-45F9-91A3-97FE09BE4FA0} = {A7008C68-B65C-4CB1-81CF-D0BC591A61DD}
		{9BDD56E8-A695-4C06-8853-331719D1D531} = {63C2FF89-1BD4-4066-8E72-F803C1931F6C}
		{D4C4CA32-F67A-4754-86E2-D43A56E9B596} = {06EFF37A-0ADC-4793-AD48-5F1C3946BA9A}
	EndGlobalSection
EndGlobal
